
Microsoft Visual Studio Solution File, Format Version 12.00
# Visual Studio 15
VisualStudioVersion = 15.0.28010.2050
MinimumVisualStudioVersion = 10.0.40219.1
Project("{FAE04EC0-301F-11D3-BF4B-00C04F79EFBC}") = "DomainNameGenerator", "DomainNameGenerator\DomainNameGenerator.csproj", "{B17157DF-B52E-4447-B865-3CFF96E3E795}"
EndProject
Global
	GlobalSection(SolutionConfigurationPlatforms) = preSolution
		Debug|Any CPU = Debug|Any CPU
		Release|Any CPU = Release|Any CPU
	EndGlobalSection
	GlobalSection(ProjectConfigurationPlatforms) = postSolution
		{B17157DF-B52E-4447-B865-3CFF96E3E795}.Debug|Any CPU.ActiveCfg = Debug|Any CPU
		{B17157DF-B52E-4447-B865-3CFF96E3E795}.Debug|Any CPU.Build.0 = Debug|Any CPU
		{B17157DF-B52E-4447-B865-3CFF96E3E795}.Release|Any CPU.ActiveCfg = Release|Any CPU
		{B17157DF-B52E-4447-B865-3CFF96E3E795}.Release|Any CPU.Build.0 = Release|Any CPU
	EndGlobalSection
	GlobalSection(SolutionProperties) = preSolution
		HideSolutionNode = FALSE
	EndGlobalSection
	GlobalSection(ExtensibilityGlobals) = postSolution
		SolutionGuid = {2F798F2F-4892-4174-A1FC-09B7FC2EF873}
	EndGlobalSection
EndGlobal
